
Microsoft Visual Studio Solution File, Format Version 12.00
# Visual Studio 15
VisualStudioVersion = 15.0.27703.2047
MinimumVisualStudioVersion = 10.0.40219.1
Project("{888888A0-9F3D-457C-B088-3A5042F75D52}") = "Evolution", "Evolution\Evolution.pyproj", "{0209D93C-373F-4836-BA5B-0D191F9F3914}"
EndProject
Global
	GlobalSection(SolutionConfigurationPlatforms) = preSolution
		Debug|Any CPU = Debug|Any CPU
		Release|Any CPU = Release|Any CPU
	EndGlobalSection
	GlobalSection(ProjectConfigurationPlatforms) = postSolution
		{0209D93C-373F-4836-BA5B-0D191F9F3914}.Debug|Any CPU.ActiveCfg = Debug|Any CPU
		{0209D93C-373F-4836-BA5B-0D191F9F3914}.Release|Any CPU.ActiveCfg = Release|Any CPU
	EndGlobalSection
	GlobalSection(SolutionProperties) = preSolution
		HideSolutionNode = FALSE
	EndGlobalSection
	GlobalSection(ExtensibilityGlobals) = postSolution
		SolutionGuid = {7D2CE877-A21A-48E7-87B2-6D05933997F9}
	EndGlobalSection
EndGlobal
